<?xml version="1.0" encoding="utf-8"?>
<Project ToolsVersion="4.0" xmlns="http://schemas.microsoft.com/developer/msbuild/2003">
  <ItemGroup>
    <Filter Include="Resource Files">
      <UniqueIdentifier>{67DA6AB6-F800-4c08-8B7A-83BB121AAD01}</UniqueIdentifier>
      <Extensions>rc;ico;cur;bmp;dlg;rc2;rct;bin;rgs;gif;jpg;jpeg;jpe;resx;tiff;tif;png;wav;mfcribbon-ms</Extensions>
    </Filter>
    <Filter Include="Source">
      <UniqueIdentifier>{0115b811-57f5-496a-9d47-1ef57cccd6a5}</UniqueIdentifier>
    </Filter>
    <Filter Include="Source\Public">
      <UniqueIdentifier>{93995380-89BD-4b04-88EB-625FBE52EBFB}</UniqueIdentifier>
      <Extensions>h;hh;hpp;hxx;hm;inl;inc;ipp;xsd</Extensions>
    </Filter>
    <Filter Include="Source\Private">
      <UniqueIdentifier>{4FC737F1-C7A5-4376-A066-2A32D752A2FF}</UniqueIdentifier>
      <Extensions>cpp;c;cc;cxx;def;odl;idl;hpj;bat;asm;asmx</Extensions>
    </Filter>
  </ItemGroup>
  <ItemGroup>
    <ClCompile Include="Source\Private\main.cpp">
      <Filter>Source\Private</Filter>
    </ClCompile>
    <ClCompile Include="Source\Private\UFBaseWidget.cpp">
      <Filter>Source\Private</Filter>
    </ClCompile>
    <ClCompile Include="Source\Private\UFTextLabel.cpp">
      <Filter>Source\Private</Filter>
    </ClCompile>
    <ClCompile Include="Source\Private\TArray.cpp">
      <Filter>Source\Private</Filter>
    </ClCompile>
    <ClCompile Include="Source\Private\UFPanelWidget.cpp">
      <Filter>Source\Private</Filter>
    </ClCompile>
    <ClCompile Include="Source\Private\UFLeafWidget.cpp">
      <Filter>Source\Private</Filter>
    </ClCompile>
    <ClCompile Include="Source\Public\UFImage.cpp">
      <Filter>Source\Private</Filter>
    </ClCompile>
    <ClCompile Include="Source\Private\PanelWidget.cpp">
      <Filter>Source\Private</Filter>
    </ClCompile>
    <ClCompile Include="Source\Private\UFPanelSlot.cpp">
      <Filter>Source\Private</Filter>
    </ClCompile>
    <ClCompile Include="Source\Private\UFHorizontalBox.cpp">
      <Filter>Source\Private</Filter>
    </ClCompile>
  </ItemGroup>
  <ItemGroup>
    <ClInclude Include="Source\Public\UFBaseWidget.h">
      <Filter>Source\Public</Filter>
    </ClInclude>
    <ClInclude Include="Source\Public\UFRenderObjects.h">
      <Filter>Source\Public</Filter>
    </ClInclude>
    <ClInclude Include="Source\Public\UFTextLabel.h">
      <Filter>Source\Public</Filter>
    </ClInclude>
    <ClInclude Include="Source\Public\UFTypes.h">
      <Filter>Source\Public</Filter>
    </ClInclude>
    <ClInclude Include="Source\Public\TArray.h">
      <Filter>Source\Public</Filter>
    </ClInclude>
    <ClInclude Include="Source\Public\UFPanelWidget.h">
      <Filter>Source\Public</Filter>
    </ClInclude>
    <ClInclude Include="Source\Public\UFLeafWidget.h">
      <Filter>Source\Public</Filter>
    </ClInclude>
    <ClInclude Include="Source\Public\UFImage.h">
      <Filter>Source\Public</Filter>
    </ClInclude>
    <ClInclude Include="Source\Public\PanelWidget.h">
      <Filter>Source\Public</Filter>
    </ClInclude>
    <ClInclude Include="Source\Public\UFPanelSlot.h">
      <Filter>Source\Public</Filter>
    </ClInclude>
    <ClInclude Include="Source\Public\UFHorizontalBox.h">
      <Filter>Source\Public</Filter>
    </ClInclude>
  </ItemGroup>
</Project>